// !$*UTF8*$!
{
	archiveVersion = 1;
	classes = {
	};
	objectVersion = 50;
	objects = {

/* Begin PBXBuildFile section */
		544858B725BFA25200B739AB /* WorldMap.swift in Sources */ = {isa = PBXBuildFile; fileRef = 544858B625BFA25200B739AB /* WorldMap.swift */; };
		544858B825BFA25200B739AB /* WorldMap.swift in Sources */ = {isa = PBXBuildFile; fileRef = 544858B625BFA25200B739AB /* WorldMap.swift */; };
		544858BC25BFA26000B739AB /* TipsList.swift in Sources */ = {isa = PBXBuildFile; fileRef = 544858BB25BFA26000B739AB /* TipsList.swift */; };
		544858BD25BFA26000B739AB /* TipsList.swift in Sources */ = {isa = PBXBuildFile; fileRef = 544858BB25BFA26000B739AB /* TipsList.swift */; };
		544858C325BFA89800B739AB /* Tip.swift in Sources */ = {isa = PBXBuildFile; fileRef = 544858C225BFA89800B739AB /* Tip.swift */; };
		544858C425BFA89800B739AB /* Tip.swift in Sources */ = {isa = PBXBuildFile; fileRef = 544858C225BFA89800B739AB /* Tip.swift */; };
		54B9202125BF5A6200DD6E31 /* TrekrMultiPlatformApp.swift in Sources */ = {isa = PBXBuildFile; fileRef = 54B9200E25BF5A5E00DD6E31 /* TrekrMultiPlatformApp.swift */; };
		54B9202225BF5A6200DD6E31 /* TrekrMultiPlatformApp.swift in Sources */ = {isa = PBXBuildFile; fileRef = 54B9200E25BF5A5E00DD6E31 /* TrekrMultiPlatformApp.swift */; };
		54B9202525BF5A6200DD6E31 /* Assets.xcassets in Resources */ = {isa = PBXBuildFile; fileRef = 54B9201025BF5A6200DD6E31 /* Assets.xcassets */; };
		54B9202625BF5A6200DD6E31 /* Assets.xcassets in Resources */ = {isa = PBXBuildFile; fileRef = 54B9201025BF5A6200DD6E31 /* Assets.xcassets */; };
		54B9203725BF5CB300DD6E31 /* locations.json in Resources */ = {isa = PBXBuildFile; fileRef = 54B9203525BF5CB200DD6E31 /* locations.json */; };
		54B9203825BF5CB300DD6E31 /* locations.json in Resources */ = {isa = PBXBuildFile; fileRef = 54B9203525BF5CB200DD6E31 /* locations.json */; };
		54B9203925BF5CB300DD6E31 /* tips.json in Resources */ = {isa = PBXBuildFile; fileRef = 54B9203625BF5CB300DD6E31 /* tips.json */; };
		54B9203A25BF5CB300DD6E31 /* tips.json in Resources */ = {isa = PBXBuildFile; fileRef = 54B9203625BF5CB300DD6E31 /* tips.json */; };
		54B9203E25BF5DFB00DD6E31 /* Location.swift in Sources */ = {isa = PBXBuildFile; fileRef = 54B9203D25BF5DFB00DD6E31 /* Location.swift */; };
		54B9203F25BF5DFB00DD6E31 /* Location.swift in Sources */ = {isa = PBXBuildFile; fileRef = 54B9203D25BF5DFB00DD6E31 /* Location.swift */; };
		54B9204325BF60EE00DD6E31 /* LocationDetail.swift in Sources */ = {isa = PBXBuildFile; fileRef = 54B9204225BF60EE00DD6E31 /* LocationDetail.swift */; };
		54B9204425BF60EE00DD6E31 /* LocationDetail.swift in Sources */ = {isa = PBXBuildFile; fileRef = 54B9204225BF60EE00DD6E31 /* LocationDetail.swift */; };
		54B9205825BF9BFD00DD6E31 /* LocationStore.swift in Sources */ = {isa = PBXBuildFile; fileRef = 54B9205725BF9BFD00DD6E31 /* LocationStore.swift */; };
		54B9205925BF9BFD00DD6E31 /* LocationStore.swift in Sources */ = {isa = PBXBuildFile; fileRef = 54B9205725BF9BFD00DD6E31 /* LocationStore.swift */; };
		54B9206325BF9EFD00DD6E31 /* LocationsList.swift in Sources */ = {isa = PBXBuildFile; fileRef = 54B9206225BF9EFD00DD6E31 /* LocationsList.swift */; };
		54B9206425BF9EFD00DD6E31 /* LocationsList.swift in Sources */ = {isa = PBXBuildFile; fileRef = 54B9206225BF9EFD00DD6E31 /* LocationsList.swift */; };
/* End PBXBuildFile section */

/* Begin PBXFileReference section */
		544858B625BFA25200B739AB /* WorldMap.swift */ = {isa = PBXFileReference; lastKnownFileType = sourcecode.swift; path = WorldMap.swift; sourceTree = "<group>"; };
		544858BB25BFA26000B739AB /* TipsList.swift */ = {isa = PBXFileReference; lastKnownFileType = sourcecode.swift; path = TipsList.swift; sourceTree = "<group>"; };
		544858C225BFA89800B739AB /* Tip.swift */ = {isa = PBXFileReference; lastKnownFileType = sourcecode.swift; path = Tip.swift; sourceTree = "<group>"; };
		54B9200E25BF5A5E00DD6E31 /* TrekrMultiPlatformApp.swift */ = {isa = PBXFileReference; lastKnownFileType = sourcecode.swift; path = TrekrMultiPlatformApp.swift; sourceTree = "<group>"; };
		54B9201025BF5A6200DD6E31 /* Assets.xcassets */ = {isa = PBXFileReference; lastKnownFileType = folder.assetcatalog; path = Assets.xcassets; sourceTree = "<group>"; };
		54B9201525BF5A6200DD6E31 /* TrekrMultiPlatform.app */ = {isa = PBXFileReference; explicitFileType = wrapper.application; includeInIndex = 0; path = TrekrMultiPlatform.app; sourceTree = BUILT_PRODUCTS_DIR; };
		54B9201825BF5A6200DD6E31 /* Info.plist */ = {isa = PBXFileReference; lastKnownFileType = text.plist.xml; path = Info.plist; sourceTree = "<group>"; };
		54B9201D25BF5A6200DD6E31 /* TrekrMultiPlatform.app */ = {isa = PBXFileReference; explicitFileType = wrapper.application; includeInIndex = 0; path = TrekrMultiPlatform.app; sourceTree = BUILT_PRODUCTS_DIR; };
		54B9201F25BF5A6200DD6E31 /* Info.plist */ = {isa = PBXFileReference; lastKnownFileType = text.plist.xml; path = Info.plist; sourceTree = "<group>"; };
		54B9202025BF5A6200DD6E31 /* macOS.entitlements */ = {isa = PBXFileReference; lastKnownFileType = text.plist.entitlements; path = macOS.entitlements; sourceTree = "<group>"; };
		54B9203525BF5CB200DD6E31 /* locations.json */ = {isa = PBXFileReference; fileEncoding = 4; lastKnownFileType = text.json; path = locations.json; sourceTree = "<group>"; };
		54B9203625BF5CB300DD6E31 /* tips.json */ = {isa = PBXFileReference; fileEncoding = 4; lastKnownFileType = text.json; path = tips.json; sourceTree = "<group>"; };
		54B9203D25BF5DFB00DD6E31 /* Location.swift */ = {isa = PBXFileReference; lastKnownFileType = sourcecode.swift; path = Location.swift; sourceTree = "<group>"; };
		54B9204225BF60EE00DD6E31 /* LocationDetail.swift */ = {isa = PBXFileReference; lastKnownFileType = sourcecode.swift; path = LocationDetail.swift; sourceTree = "<group>"; };
		54B9205725BF9BFD00DD6E31 /* LocationStore.swift */ = {isa = PBXFileReference; lastKnownFileType = sourcecode.swift; path = LocationStore.swift; sourceTree = "<group>"; };
		54B9206225BF9EFD00DD6E31 /* LocationsList.swift */ = {isa = PBXFileReference; lastKnownFileType = sourcecode.swift; path = LocationsList.swift; sourceTree = "<group>"; };
/* End PBXFileReference section */

/* Begin PBXFrameworksBuildPhase section */
		54B9201225BF5A6200DD6E31 /* Frameworks */ = {
			isa = PBXFrameworksBuildPhase;
			buildActionMask = 2147483647;
			files = (
			);
			runOnlyForDeploymentPostprocessing = 0;
		};
		54B9201A25BF5A6200DD6E31 /* Frameworks */ = {
			isa = PBXFrameworksBuildPhase;
			buildActionMask = 2147483647;
			files = (
			);
			runOnlyForDeploymentPostprocessing = 0;
		};
/* End PBXFrameworksBuildPhase section */

/* Begin PBXGroup section */
		54B9200825BF5A5D00DD6E31 = {
			isa = PBXGroup;
			children = (
				54B9200D25BF5A5E00DD6E31 /* Shared */,
				54B9201725BF5A6200DD6E31 /* iOS */,
				54B9201E25BF5A6200DD6E31 /* macOS */,
				54B9201625BF5A6200DD6E31 /* Products */,
			);
			sourceTree = "<group>";
		};
		54B9200D25BF5A5E00DD6E31 /* Shared */ = {
			isa = PBXGroup;
			children = (
				54B9200E25BF5A5E00DD6E31 /* TrekrMultiPlatformApp.swift */,
				54B9203225BF5A9000DD6E31 /* Model */,
				54B9203125BF5A8000DD6E31 /* Views */,
				54B9201025BF5A6200DD6E31 /* Assets.xcassets */,
			);
			path = Shared;
			sourceTree = "<group>";
		};
		54B9201625BF5A6200DD6E31 /* Products */ = {
			isa = PBXGroup;
			children = (
				54B9201525BF5A6200DD6E31 /* TrekrMultiPlatform.app */,
				54B9201D25BF5A6200DD6E31 /* TrekrMultiPlatform.app */,
			);
			name = Products;
			sourceTree = "<group>";
		};
		54B9201725BF5A6200DD6E31 /* iOS */ = {
			isa = PBXGroup;
			children = (
				54B9201825BF5A6200DD6E31 /* Info.plist */,
			);
			path = iOS;
			sourceTree = "<group>";
		};
		54B9201E25BF5A6200DD6E31 /* macOS */ = {
			isa = PBXGroup;
			children = (
				54B9201F25BF5A6200DD6E31 /* Info.plist */,
				54B9202025BF5A6200DD6E31 /* macOS.entitlements */,
			);
			path = macOS;
			sourceTree = "<group>";
		};
		54B9203125BF5A8000DD6E31 /* Views */ = {
			isa = PBXGroup;
			children = (
				54B9206225BF9EFD00DD6E31 /* LocationsList.swift */,
				54B9204225BF60EE00DD6E31 /* LocationDetail.swift */,
				544858B625BFA25200B739AB /* WorldMap.swift */,
				544858BB25BFA26000B739AB /* TipsList.swift */,
			);
			path = Views;
			sourceTree = "<group>";
		};
		54B9203225BF5A9000DD6E31 /* Model */ = {
			isa = PBXGroup;
			children = (
				54B9203525BF5CB200DD6E31 /* locations.json */,
				54B9203625BF5CB300DD6E31 /* tips.json */,
				54B9203D25BF5DFB00DD6E31 /* Location.swift */,
				54B9205725BF9BFD00DD6E31 /* LocationStore.swift */,
				544858C225BFA89800B739AB /* Tip.swift */,
			);
			path = Model;
			sourceTree = "<group>";
		};
/* End PBXGroup section */

/* Begin PBXNativeTarget section */
		54B9201425BF5A6200DD6E31 /* TrekrMultiPlatform (iOS) */ = {
			isa = PBXNativeTarget;
			buildConfigurationList = 54B9202925BF5A6200DD6E31 /* Build configuration list for PBXNativeTarget "TrekrMultiPlatform (iOS)" */;
			buildPhases = (
				54B9201125BF5A6200DD6E31 /* Sources */,
				54B9201225BF5A6200DD6E31 /* Frameworks */,
				54B9201325BF5A6200DD6E31 /* Resources */,
			);
			buildRules = (
			);
			dependencies = (
			);
			name = "TrekrMultiPlatform (iOS)";
			productName = "TrekrMultiPlatform (iOS)";
			productReference = 54B9201525BF5A6200DD6E31 /* TrekrMultiPlatform.app */;
			productType = "com.apple.product-type.application";
		};
		54B9201C25BF5A6200DD6E31 /* TrekrMultiPlatform (macOS) */ = {
			isa = PBXNativeTarget;
			buildConfigurationList = 54B9202C25BF5A6200DD6E31 /* Build configuration list for PBXNativeTarget "TrekrMultiPlatform (macOS)" */;
			buildPhases = (
				54B9201925BF5A6200DD6E31 /* Sources */,
				54B9201A25BF5A6200DD6E31 /* Frameworks */,
				54B9201B25BF5A6200DD6E31 /* Resources */,
			);
			buildRules = (
			);
			dependencies = (
			);
			name = "TrekrMultiPlatform (macOS)";
			productName = "TrekrMultiPlatform (macOS)";
			productReference = 54B9201D25BF5A6200DD6E31 /* TrekrMultiPlatform.app */;
			productType = "com.apple.product-type.application";
		};
/* End PBXNativeTarget section */

/* Begin PBXProject section */
		54B9200925BF5A5D00DD6E31 /* Project object */ = {
			isa = PBXProject;
			attributes = {
				LastSwiftUpdateCheck = 1230;
				LastUpgradeCheck = 1230;
				TargetAttributes = {
					54B9201425BF5A6200DD6E31 = {
						CreatedOnToolsVersion = 12.3;
					};
					54B9201C25BF5A6200DD6E31 = {
						CreatedOnToolsVersion = 12.3;
					};
				};
			};
			buildConfigurationList = 54B9200C25BF5A5D00DD6E31 /* Build configuration list for PBXProject "TrekrMultiPlatform" */;
			compatibilityVersion = "Xcode 9.3";
			developmentRegion = en;
			hasScannedForEncodings = 0;
			knownRegions = (
				en,
				Base,
			);
			mainGroup = 54B9200825BF5A5D00DD6E31;
			productRefGroup = 54B9201625BF5A6200DD6E31 /* Products */;
			projectDirPath = "";
			projectRoot = "";
			targets = (
				54B9201425BF5A6200DD6E31 /* TrekrMultiPlatform (iOS) */,
				54B9201C25BF5A6200DD6E31 /* TrekrMultiPlatform (macOS) */,
			);
		};
/* End PBXProject section */

/* Begin PBXResourcesBuildPhase section */
		54B9201325BF5A6200DD6E31 /* Resources */ = {
			isa = PBXResourcesBuildPhase;
			buildActionMask = 2147483647;
			files = (
				54B9203725BF5CB300DD6E31 /* locations.json in Resources */,
				54B9202525BF5A6200DD6E31 /* Assets.xcassets in Resources */,
				54B9203925BF5CB300DD6E31 /* tips.json in Resources */,
			);
			runOnlyForDeploymentPostprocessing = 0;
		};
		54B9201B25BF5A6200DD6E31 /* Resources */ = {
			isa = PBXResourcesBuildPhase;
			buildActionMask = 2147483647;
			files = (
				54B9203825BF5CB300DD6E31 /* locations.json in Resources */,
				54B9202625BF5A6200DD6E31 /* Assets.xcassets in Resources */,
				54B9203A25BF5CB300DD6E31 /* tips.json in Resources */,
			);
			runOnlyForDeploymentPostprocessing = 0;
		};
/* End PBXResourcesBuildPhase section */

/* Begin PBXSourcesBuildPhase section */
		54B9201125BF5A6200DD6E31 /* Sources */ = {
			isa = PBXSourcesBuildPhase;
			buildActionMask = 2147483647;
			files = (
				54B9205825BF9BFD00DD6E31 /* LocationStore.swift in Sources */,
				544858C325BFA89800B739AB /* Tip.swift in Sources */,
				544858B725BFA25200B739AB /* WorldMap.swift in Sources */,
				54B9204325BF60EE00DD6E31 /* LocationDetail.swift in Sources */,
				544858BC25BFA26000B739AB /* TipsList.swift in Sources */,
				54B9206325BF9EFD00DD6E31 /* LocationsList.swift in Sources */,
				54B9203E25BF5DFB00DD6E31 /* Location.swift in Sources */,
				54B9202125BF5A6200DD6E31 /* TrekrMultiPlatformApp.swift in Sources */,
			);
			runOnlyForDeploymentPostprocessing = 0;
		};
		54B9201925BF5A6200DD6E31 /* Sources */ = {
			isa = PBXSourcesBuildPhase;
			buildActionMask = 2147483647;
			files = (
				54B9205925BF9BFD00DD6E31 /* LocationStore.swift in Sources */,
				544858C425BFA89800B739AB /* Tip.swift in Sources */,
				544858B825BFA25200B739AB /* WorldMap.swift in Sources */,
				54B9204425BF60EE00DD6E31 /* LocationDetail.swift in Sources */,
				544858BD25BFA26000B739AB /* TipsList.swift in Sources */,
				54B9206425BF9EFD00DD6E31 /* LocationsList.swift in Sources */,
				54B9203F25BF5DFB00DD6E31 /* Location.swift in Sources */,
				54B9202225BF5A6200DD6E31 /* TrekrMultiPlatformApp.swift in Sources */,
			);
			runOnlyForDeploymentPostprocessing = 0;
		};
/* End PBXSourcesBuildPhase section */

/* Begin XCBuildConfiguration section */
		54B9202725BF5A6200DD6E31 /* Debug */ = {
			isa = XCBuildConfiguration;
			buildSettings = {
				ALWAYS_SEARCH_USER_PATHS = NO;
				CLANG_ANALYZER_NONNULL = YES;
				CLANG_ANALYZER_NUMBER_OBJECT_CONVERSION = YES_AGGRESSIVE;
				CLANG_CXX_LANGUAGE_STANDARD = "gnu++14";
				CLANG_CXX_LIBRARY = "libc++";
				CLANG_ENABLE_MODULES = YES;
				CLANG_ENABLE_OBJC_ARC = YES;
				CLANG_ENABLE_OBJC_WEAK = YES;
				CLANG_WARN_BLOCK_CAPTURE_AUTORELEASING = YES;
				CLANG_WARN_BOOL_CONVERSION = YES;
				CLANG_WARN_COMMA = YES;
				CLANG_WARN_CONSTANT_CONVERSION = YES;
				CLANG_WARN_DEPRECATED_OBJC_IMPLEMENTATIONS = YES;
				CLANG_WARN_DIRECT_OBJC_ISA_USAGE = YES_ERROR;
				CLANG_WARN_DOCUMENTATION_COMMENTS = YES;
				CLANG_WARN_EMPTY_BODY = YES;
				CLANG_WARN_ENUM_CONVERSION = YES;
				CLANG_WARN_INFINITE_RECURSION = YES;
				CLANG_WARN_INT_CONVERSION = YES;
				CLANG_WARN_NON_LITERAL_NULL_CONVERSION = YES;
				CLANG_WARN_OBJC_IMPLICIT_RETAIN_SELF = YES;
				CLANG_WARN_OBJC_LITERAL_CONVERSION = YES;
				CLANG_WARN_OBJC_ROOT_CLASS = YES_ERROR;
				CLANG_WARN_QUOTED_INCLUDE_IN_FRAMEWORK_HEADER = YES;
				CLANG_WARN_RANGE_LOOP_ANALYSIS = YES;
				CLANG_WARN_STRICT_PROTOTYPES = YES;
				CLANG_WARN_SUSPICIOUS_MOVE = YES;
				CLANG_WARN_UNGUARDED_AVAILABILITY = YES_AGGRESSIVE;
				CLANG_WARN_UNREACHABLE_CODE = YES;
				CLANG_WARN__DUPLICATE_METHOD_MATCH = YES;
				COPY_PHASE_STRIP = NO;
				DEBUG_INFORMATION_FORMAT = dwarf;
				ENABLE_STRICT_OBJC_MSGSEND = YES;
				ENABLE_TESTABILITY = YES;
				GCC_C_LANGUAGE_STANDARD = gnu11;
				GCC_DYNAMIC_NO_PIC = NO;
				GCC_NO_COMMON_BLOCKS = YES;
				GCC_OPTIMIZATION_LEVEL = 0;
				GCC_PREPROCESSOR_DEFINITIONS = (
					"DEBUG=1",
					"$(inherited)",
				);
				GCC_WARN_64_TO_32_BIT_CONVERSION = YES;
				GCC_WARN_ABOUT_RETURN_TYPE = YES_ERROR;
				GCC_WARN_UNDECLARED_SELECTOR = YES;
				GCC_WARN_UNINITIALIZED_AUTOS = YES_AGGRESSIVE;
				GCC_WARN_UNUSED_FUNCTION = YES;
				GCC_WARN_UNUSED_VARIABLE = YES;
				MTL_ENABLE_DEBUG_INFO = INCLUDE_SOURCE;
				MTL_FAST_MATH = YES;
				ONLY_ACTIVE_ARCH = YES;
				SWIFT_ACTIVE_COMPILATION_CONDITIONS = DEBUG;
				SWIFT_OPTIMIZATION_LEVEL = "-Onone";
			};
			name = Debug;
		};
		54B9202825BF5A6200DD6E31 /* Release */ = {
			isa = XCBuildConfiguration;
			buildSettings = {
				ALWAYS_SEARCH_USER_PATHS = NO;
				CLANG_ANALYZER_NONNULL = YES;
				CLANG_ANALYZER_NUMBER_OBJECT_CONVERSION = YES_AGGRESSIVE;
				CLANG_CXX_LANGUAGE_STANDARD = "gnu++14";
				CLANG_CXX_LIBRARY = "libc++";
				CLANG_ENABLE_MODULES = YES;
				CLANG_ENABLE_OBJC_ARC = YES;
				CLANG_ENABLE_OBJC_WEAK = YES;
				CLANG_WARN_BLOCK_CAPTURE_AUTORELEASING = YES;
				CLANG_WARN_BOOL_CONVERSION = YES;
				CLANG_WARN_COMMA = YES;
				CLANG_WARN_CONSTANT_CONVERSION = YES;
				CLANG_WARN_DEPRECATED_OBJC_IMPLEMENTATIONS = YES;
				CLANG_WARN_DIRECT_OBJC_ISA_USAGE = YES_ERROR;
				CLANG_WARN_DOCUMENTATION_COMMENTS = YES;
				CLANG_WARN_EMPTY_BODY = YES;
				CLANG_WARN_ENUM_CONVERSION = YES;
				CLANG_WARN_INFINITE_RECURSION = YES;
				CLANG_WARN_INT_CONVERSION = YES;
				CLANG_WARN_NON_LITERAL_NULL_CONVERSION = YES;
				CLANG_WARN_OBJC_IMPLICIT_RETAIN_SELF = YES;
				CLANG_WARN_OBJC_LITERAL_CONVERSION = YES;
				CLANG_WARN_OBJC_ROOT_CLASS = YES_ERROR;
				CLANG_WARN_QUOTED_INCLUDE_IN_FRAMEWORK_HEADER = YES;
				CLANG_WARN_RANGE_LOOP_ANALYSIS = YES;
				CLANG_WARN_STRICT_PROTOTYPES = YES;
				CLANG_WARN_SUSPICIOUS_MOVE = YES;
				CLANG_WARN_UNGUARDED_AVAILABILITY = YES_AGGRESSIVE;
				CLANG_WARN_UNREACHABLE_CODE = YES;
				CLANG_WARN__DUPLICATE_METHOD_MATCH = YES;
				COPY_PHASE_STRIP = NO;
				DEBUG_INFORMATION_FORMAT = "dwarf-with-dsym";
				ENABLE_NS_ASSERTIONS = NO;
				ENABLE_STRICT_OBJC_MSGSEND = YES;
				GCC_C_LANGUAGE_STANDARD = gnu11;
				GCC_NO_COMMON_BLOCKS = YES;
				GCC_WARN_64_TO_32_BIT_CONVERSION = YES;
				GCC_WARN_ABOUT_RETURN_TYPE = YES_ERROR;
				GCC_WARN_UNDECLARED_SELECTOR = YES;
				GCC_WARN_UNINITIALIZED_AUTOS = YES_AGGRESSIVE;
				GCC_WARN_UNUSED_FUNCTION = YES;
				GCC_WARN_UNUSED_VARIABLE = YES;
				MTL_ENABLE_DEBUG_INFO = NO;
				MTL_FAST_MATH = YES;
				SWIFT_COMPILATION_MODE = wholemodule;
				SWIFT_OPTIMIZATION_LEVEL = "-O";
			};
			name = Release;
		};
		54B9202A25BF5A6200DD6E31 /* Debug */ = {
			isa = XCBuildConfiguration;
			buildSettings = {
				ASSETCATALOG_COMPILER_APPICON_NAME = AppIcon;
				ASSETCATALOG_COMPILER_GLOBAL_ACCENT_COLOR_NAME = AccentColor;
				CODE_SIGN_STYLE = Automatic;
				DEVELOPMENT_TEAM = 38A74XPH8R;
				ENABLE_PREVIEWS = YES;
				INFOPLIST_FILE = iOS/Info.plist;
				IPHONEOS_DEPLOYMENT_TARGET = 14.0;
				LD_RUNPATH_SEARCH_PATHS = (
					"$(inherited)",
					"@executable_path/Frameworks",
				);
				PRODUCT_BUNDLE_IDENTIFIER = ca.li.victoria.TrekrMultiPlatform;
				PRODUCT_NAME = TrekrMultiPlatform;
				SDKROOT = iphoneos;
				SWIFT_VERSION = 5.0;
				TARGETED_DEVICE_FAMILY = "1,2";
			};
			name = Debug;
		};
		54B9202B25BF5A6200DD6E31 /* Release */ = {
			isa = XCBuildConfiguration;
			buildSettings = {
				ASSETCATALOG_COMPILER_APPICON_NAME = AppIcon;
				ASSETCATALOG_COMPILER_GLOBAL_ACCENT_COLOR_NAME = AccentColor;
				CODE_SIGN_STYLE = Automatic;
				DEVELOPMENT_TEAM = 38A74XPH8R;
				ENABLE_PREVIEWS = YES;
				INFOPLIST_FILE = iOS/Info.plist;
				IPHONEOS_DEPLOYMENT_TARGET = 14.0;
				LD_RUNPATH_SEARCH_PATHS = (
					"$(inherited)",
					"@executable_path/Frameworks",
				);
				PRODUCT_BUNDLE_IDENTIFIER = ca.li.victoria.TrekrMultiPlatform;
				PRODUCT_NAME = TrekrMultiPlatform;
				SDKROOT = iphoneos;
				SWIFT_VERSION = 5.0;
				TARGETED_DEVICE_FAMILY = "1,2";
				VALIDATE_PRODUCT = YES;
			};
			name = Release;
		};
		54B9202D25BF5A6200DD6E31 /* Debug */ = {
			isa = XCBuildConfiguration;
			buildSettings = {
				ASSETCATALOG_COMPILER_APPICON_NAME = AppIcon;
				ASSETCATALOG_COMPILER_GLOBAL_ACCENT_COLOR_NAME = AccentColor;
				CODE_SIGN_ENTITLEMENTS = macOS/macOS.entitlements;
				CODE_SIGN_STYLE = Automatic;
				COMBINE_HIDPI_IMAGES = YES;
				DEVELOPMENT_TEAM = 38A74XPH8R;
				ENABLE_HARDENED_RUNTIME = YES;
				ENABLE_PREVIEWS = YES;
				INFOPLIST_FILE = macOS/Info.plist;
				LD_RUNPATH_SEARCH_PATHS = (
					"$(inherited)",
					"@executable_path/../Frameworks",
				);
				MACOSX_DEPLOYMENT_TARGET = 11.0;
				PRODUCT_BUNDLE_IDENTIFIER = ca.li.victoria.TrekrMultiPlatform;
				PRODUCT_NAME = TrekrMultiPlatform;
				SDKROOT = macosx;
				SWIFT_VERSION = 5.0;
			};
			name = Debug;
		};
		54B9202E25BF5A6200DD6E31 /* Release */ = {
			isa = XCBuildConfiguration;
			buildSettings = {
				ASSETCATALOG_COMPILER_APPICON_NAME = AppIcon;
				ASSETCATALOG_COMPILER_GLOBAL_ACCENT_COLOR_NAME = AccentColor;
				CODE_SIGN_ENTITLEMENTS = macOS/macOS.entitlements;
				CODE_SIGN_STYLE = Automatic;
				COMBINE_HIDPI_IMAGES = YES;
				DEVELOPMENT_TEAM = 38A74XPH8R;
				ENABLE_HARDENED_RUNTIME = YES;
				ENABLE_PREVIEWS = YES;
				INFOPLIST_FILE = macOS/Info.plist;
				LD_RUNPATH_SEARCH_PATHS = (
					"$(inherited)",
					"@executable_path/../Frameworks",
				);
				MACOSX_DEPLOYMENT_TARGET = 11.0;
				PRODUCT_BUNDLE_IDENTIFIER = ca.li.victoria.TrekrMultiPlatform;
				PRODUCT_NAME = TrekrMultiPlatform;
				SDKROOT = macosx;
				SWIFT_VERSION = 5.0;
			};
			name = Release;
		};
/* End XCBuildConfiguration section */

/* Begin XCConfigurationList section */
		54B9200C25BF5A5D00DD6E31 /* Build configuration list for PBXProject "TrekrMultiPlatform" */ = {
			isa = XCConfigurationList;
			buildConfigurations = (
				54B9202725BF5A6200DD6E31 /* Debug */,
				54B9202825BF5A6200DD6E31 /* Release */,
			);
			defaultConfigurationIsVisible = 0;
			defaultConfigurationName = Release;
		};
		54B9202925BF5A6200DD6E31 /* Build configuration list for PBXNativeTarget "TrekrMultiPlatform (iOS)" */ = {
			isa = XCConfigurationList;
			buildConfigurations = (
				54B9202A25BF5A6200DD6E31 /* Debug */,
				54B9202B25BF5A6200DD6E31 /* Release */,
			);
			defaultConfigurationIsVisible = 0;
			defaultConfigurationName = Release;
		};
		54B9202C25BF5A6200DD6E31 /* Build configuration list for PBXNativeTarget "TrekrMultiPlatform (macOS)" */ = {
			isa = XCConfigurationList;
			buildConfigurations = (
				54B9202D25BF5A6200DD6E31 /* Debug */,
				54B9202E25BF5A6200DD6E31 /* Release */,
			);
			defaultConfigurationIsVisible = 0;
			defaultConfigurationName = Release;
		};
/* End XCConfigurationList section */
	};
	rootObject = 54B9200925BF5A5D00DD6E31 /* Project object */;
}
